
Microsoft Visual Studio Solution File, Format Version 12.00
# Visual Studio Version 17
VisualStudioVersion = 17.14.36623.8
MinimumVisualStudioVersion = 10.0.40219.1
Project("{FAE04EC0-301F-11D3-BF4B-00C04F79EFBC}") = "LagersystemLVHome", "LagersystemLVHome\LagersystemLVHome.csproj", "{2B5EB5E9-9AAC-4BEB-85E7-66FFD2670B1F}"
EndProject
Project("{FAE04EC0-301F-11D3-BF4B-00C04F79EFBC}") = "LagersystemLVHome.UnitTests", "LagersystemLVHome.UnitTests\LagersystemLVHome.UnitTests.csproj", "{72CDBD54-69DD-44C7-8B65-DD0029ECAADE}"
EndProject
Project("{FAE04EC0-301F-11D3-BF4B-00C04F79EFBC}") = "LagersystemLVHome.Domain", "LagersystemLVHome.Domain\LagersystemLVHome.Domain.csproj", "{20C76D4B-643A-4C49-807A-A9DE148E8815}"
EndProject
Project("{FAE04EC0-301F-11D3-BF4B-00C04F79EFBC}") = "LagersystemLVHome.Data", "LagersystemLVHome.Data\LagersystemLVHome.Data.csproj", "{66973AD6-41C5-4FA2-A7F1-E977A8BF4949}"
EndProject
Project("{FAE04EC0-301F-11D3-BF4B-00C04F79EFBC}") = "LagersystemLVHome.Application", "LagersystemLVHome.Application\LagersystemLVHome.Application.csproj", "{D2937773-8FB5-4C88-A9D8-0C22DE83935A}"
EndProject
Project("{FAE04EC0-301F-11D3-BF4B-00C04F79EFBC}") = "LagersystemLVHome.Infrastructure", "LagersystemLVHome.Infrastructure\LagersystemLVHome.Infrastructure.csproj", "{6ACB9536-E471-44EB-A912-EE5A59E2012C}"
EndProject
Global
	GlobalSection(SolutionConfigurationPlatforms) = preSolution
		Debug|Any CPU = Debug|Any CPU
		Debug|x64 = Debug|x64
		Debug|x86 = Debug|x86
		Release|Any CPU = Release|Any CPU
		Release|x64 = Release|x64
		Release|x86 = Release|x86
	EndGlobalSection
	GlobalSection(ProjectConfigurationPlatforms) = postSolution
		{2B5EB5E9-9AAC-4BEB-85E7-66FFD2670B1F}.Debug|Any CPU.ActiveCfg = Debug|Any CPU
		{2B5EB5E9-9AAC-4BEB-85E7-66FFD2670B1F}.Debug|Any CPU.Build.0 = Debug|Any CPU
		{2B5EB5E9-9AAC-4BEB-85E7-66FFD2670B1F}.Debug|x64.ActiveCfg = Debug|Any CPU
		{2B5EB5E9-9AAC-4BEB-85E7-66FFD2670B1F}.Debug|x64.Build.0 = Debug|Any CPU
		{2B5EB5E9-9AAC-4BEB-85E7-66FFD2670B1F}.Debug|x86.ActiveCfg = Debug|Any CPU
		{2B5EB5E9-9AAC-4BEB-85E7-66FFD2670B1F}.Debug|x86.Build.0 = Debug|Any CPU
		{2B5EB5E9-9AAC-4BEB-85E7-66FFD2670B1F}.Release|Any CPU.ActiveCfg = Release|Any CPU
		{2B5EB5E9-9AAC-4BEB-85E7-66FFD2670B1F}.Release|Any CPU.Build.0 = Release|Any CPU
		{2B5EB5E9-9AAC-4BEB-85E7-66FFD2670B1F}.Release|x64.ActiveCfg = Release|Any CPU
		{2B5EB5E9-9AAC-4BEB-85E7-66FFD2670B1F}.Release|x64.Build.0 = Release|Any CPU
		{2B5EB5E9-9AAC-4BEB-85E7-66FFD2670B1F}.Release|x86.ActiveCfg = Release|Any CPU
		{2B5EB5E9-9AAC-4BEB-85E7-66FFD2670B1F}.Release|x86.Build.0 = Release|Any CPU
		{72CDBD54-69DD-44C7-8B65-DD0029ECAADE}.Debug|Any CPU.ActiveCfg = Debug|Any CPU
		{72CDBD54-69DD-44C7-8B65-DD0029ECAADE}.Debug|Any CPU.Build.0 = Debug|Any CPU
		{72CDBD54-69DD-44C7-8B65-DD0029ECAADE}.Debug|x64.ActiveCfg = Debug|Any CPU
		{72CDBD54-69DD-44C7-8B65-DD0029ECAADE}.Debug|x64.Build.0 = Debug|Any CPU
		{72CDBD54-69DD-44C7-8B65-DD0029ECAADE}.Debug|x86.ActiveCfg = Debug|Any CPU
		{72CDBD54-69DD-44C7-8B65-DD0029ECAADE}.Debug|x86.Build.0 = Debug|Any CPU
		{72CDBD54-69DD-44C7-8B65-DD0029ECAADE}.Release|Any CPU.ActiveCfg = Release|Any CPU
		{72CDBD54-69DD-44C7-8B65-DD0029ECAADE}.Release|Any CPU.Build.0 = Release|Any CPU
		{72CDBD54-69DD-44C7-8B65-DD0029ECAADE}.Release|x64.ActiveCfg = Release|Any CPU
		{72CDBD54-69DD-44C7-8B65-DD0029ECAADE}.Release|x64.Build.0 = Release|Any CPU
		{72CDBD54-69DD-44C7-8B65-DD0029ECAADE}.Release|x86.ActiveCfg = Release|Any CPU
		{72CDBD54-69DD-44C7-8B65-DD0029ECAADE}.Release|x86.Build.0 = Release|Any CPU
		{20C76D4B-643A-4C49-807A-A9DE148E8815}.Debug|Any CPU.ActiveCfg = Debug|Any CPU
		{20C76D4B-643A-4C49-807A-A9DE148E8815}.Debug|Any CPU.Build.0 = Debug|Any CPU
		{20C76D4B-643A-4C49-807A-A9DE148E8815}.Debug|x64.ActiveCfg = Debug|Any CPU
		{20C76D4B-643A-4C49-807A-A9DE148E8815}.Debug|x64.Build.0 = Debug|Any CPU
		{20C76D4B-643A-4C49-807A-A9DE148E8815}.Debug|x86.ActiveCfg = Debug|Any CPU
		{20C76D4B-643A-4C49-807A-A9DE148E8815}.Debug|x86.Build.0 = Debug|Any CPU
		{20C76D4B-643A-4C49-807A-A9DE148E8815}.Release|Any CPU.ActiveCfg = Release|Any CPU
		{20C76D4B-643A-4C49-807A-A9DE148E8815}.Release|Any CPU.Build.0 = Release|Any CPU
		{20C76D4B-643A-4C49-807A-A9DE148E8815}.Release|x64.ActiveCfg = Release|Any CPU
		{20C76D4B-643A-4C49-807A-A9DE148E8815}.Release|x64.Build.0 = Release|Any CPU
		{20C76D4B-643A-4C49-807A-A9DE148E8815}.Release|x86.ActiveCfg = Release|Any CPU
		{20C76D4B-643A-4C49-807A-A9DE148E8815}.Release|x86.Build.0 = Release|Any CPU
		{66973AD6-41C5-4FA2-A7F1-E977A8BF4949}.Debug|Any CPU.ActiveCfg = Debug|Any CPU
		{66973AD6-41C5-4FA2-A7F1-E977A8BF4949}.Debug|Any CPU.Build.0 = Debug|Any CPU
		{66973AD6-41C5-4FA2-A7F1-E977A8BF4949}.Debug|x64.ActiveCfg = Debug|Any CPU
		{66973AD6-41C5-4FA2-A7F1-E977A8BF4949}.Debug|x64.Build.0 = Debug|Any CPU
		{66973AD6-41C5-4FA2-A7F1-E977A8BF4949}.Debug|x86.ActiveCfg = Debug|Any CPU
		{66973AD6-41C5-4FA2-A7F1-E977A8BF4949}.Debug|x86.Build.0 = Debug|Any CPU
		{66973AD6-41C5-4FA2-A7F1-E977A8BF4949}.Release|Any CPU.ActiveCfg = Release|Any CPU
		{66973AD6-41C5-4FA2-A7F1-E977A8BF4949}.Release|Any CPU.Build.0 = Release|Any CPU
		{66973AD6-41C5-4FA2-A7F1-E977A8BF4949}.Release|x64.ActiveCfg = Release|Any CPU
		{66973AD6-41C5-4FA2-A7F1-E977A8BF4949}.Release|x64.Build.0 = Release|Any CPU
		{66973AD6-41C5-4FA2-A7F1-E977A8BF4949}.Release|x86.ActiveCfg = Release|Any CPU
		{66973AD6-41C5-4FA2-A7F1-E977A8BF4949}.Release|x86.Build.0 = Release|Any CPU
		{D2937773-8FB5-4C88-A9D8-0C22DE83935A}.Debug|Any CPU.ActiveCfg = Debug|Any CPU
		{D2937773-8FB5-4C88-A9D8-0C22DE83935A}.Debug|Any CPU.Build.0 = Debug|Any CPU
		{D2937773-8FB5-4C88-A9D8-0C22DE83935A}.Debug|x64.ActiveCfg = Debug|Any CPU
		{D2937773-8FB5-4C88-A9D8-0C22DE83935A}.Debug|x64.Build.0 = Debug|Any CPU
		{D2937773-8FB5-4C88-A9D8-0C22DE83935A}.Debug|x86.ActiveCfg = Debug|Any CPU
		{D2937773-8FB5-4C88-A9D8-0C22DE83935A}.Debug|x86.Build.0 = Debug|Any CPU
		{D2937773-8FB5-4C88-A9D8-0C22DE83935A}.Release|Any CPU.ActiveCfg = Release|Any CPU
		{D2937773-8FB5-4C88-A9D8-0C22DE83935A}.Release|Any CPU.Build.0 = Release|Any CPU
		{D2937773-8FB5-4C88-A9D8-0C22DE83935A}.Release|x64.ActiveCfg = Release|Any CPU
		{D2937773-8FB5-4C88-A9D8-0C22DE83935A}.Release|x64.Build.0 = Release|Any CPU
		{D2937773-8FB5-4C88-A9D8-0C22DE83935A}.Release|x86.ActiveCfg = Release|Any CPU
		{D2937773-8FB5-4C88-A9D8-0C22DE83935A}.Release|x86.Build.0 = Release|Any CPU
		{6ACB9536-E471-44EB-A912-EE5A59E2012C}.Debug|Any CPU.ActiveCfg = Debug|Any CPU
		{6ACB9536-E471-44EB-A912-EE5A59E2012C}.Debug|Any CPU.Build.0 = Debug|Any CPU
		{6ACB9536-E471-44EB-A912-EE5A59E2012C}.Debug|x64.ActiveCfg = Debug|Any CPU
		{6ACB9536-E471-44EB-A912-EE5A59E2012C}.Debug|x64.Build.0 = Debug|Any CPU
		{6ACB9536-E471-44EB-A912-EE5A59E2012C}.Debug|x86.ActiveCfg = Debug|Any CPU
		{6ACB9536-E471-44EB-A912-EE5A59E2012C}.Debug|x86.Build.0 = Debug|Any CPU
		{6ACB9536-E471-44EB-A912-EE5A59E2012C}.Release|Any CPU.ActiveCfg = Release|Any CPU
		{6ACB9536-E471-44EB-A912-EE5A59E2012C}.Release|Any CPU.Build.0 = Release|Any CPU
		{6ACB9536-E471-44EB-A912-EE5A59E2012C}.Release|x64.ActiveCfg = Release|Any CPU
		{6ACB9536-E471-44EB-A912-EE5A59E2012C}.Release|x64.Build.0 = Release|Any CPU
		{6ACB9536-E471-44EB-A912-EE5A59E2012C}.Release|x86.ActiveCfg = Release|Any CPU
		{6ACB9536-E471-44EB-A912-EE5A59E2012C}.Release|x86.Build.0 = Release|Any CPU
	EndGlobalSection
	GlobalSection(SolutionProperties) = preSolution
		HideSolutionNode = FALSE
	EndGlobalSection
	GlobalSection(ExtensibilityGlobals) = postSolution
		SolutionGuid = {0B64EDF2-EAD0-4EBA-9AD6-A68051724A2A}
	EndGlobalSection
EndGlobal
